
Microsoft Visual Studio Solution File, Format Version 12.00
# Visual Studio Version 17
VisualStudioVersion = 17.5.002.0
MinimumVisualStudioVersion = 10.0.40219.1
Project("{9A19103F-16F7-4668-BE54-9A1E7A4F7556}") = "first project", "first project\first project.csproj", "{B011E713-1498-4767-8A86-9C3BCD067394}"
EndProject
Project("{FAE04EC0-301F-11D3-BF4B-00C04F79EFBC}") = "second project", "second project\second project.csproj", "{1C86FE1D-4E0A-4729-ABE9-1EAC0500F091}"
EndProject
Project("{2150E333-8FDC-42A3-9474-1A3956D46DE8}") = "day 1", "day 1", "{16B9B36E-9783-4879-8E30-D1DF3D87D20C}"
EndProject
Project("{FAE04EC0-301F-11D3-BF4B-00C04F79EFBC}") = "project tiga", "project tiga\project tiga.csproj", "{7A5906E6-6DCC-405A-BDBE-0A91F3CB9B70}"
EndProject
Project("{2150E333-8FDC-42A3-9474-1A3956D46DE8}") = "day 2", "day 2", "{44602CD2-3826-405A-9B42-9AD39F595A72}"
EndProject
Project("{FAE04EC0-301F-11D3-BF4B-00C04F79EFBC}") = "classstructure", "classstructure\classstructure.csproj", "{8CD8BCC0-AA0D-4EE4-89DF-3C7AC5BD25B0}"
EndProject
Project("{FAE04EC0-301F-11D3-BF4B-00C04F79EFBC}") = "calculator", "calculator.cs\calculator.csproj", "{7118BF43-28F0-46FC-9D1C-D44D28367712}"
EndProject
Project("{FAE04EC0-301F-11D3-BF4B-00C04F79EFBC}") = "LatihanD2", "Latihan_D2\Latihan_D2.csproj", "{5FD66F4D-AA42-4562-8505-833B0EE1C2FB}"
EndProject
Project("{FAE04EC0-301F-11D3-BF4B-00C04F79EFBC}") = "Latihan Baru", "latihan baru\Latihan Baru.csproj", "{69BAA2A7-16E1-480E-AB86-B2F8F20562A1}"
EndProject
Project("{FAE04EC0-301F-11D3-BF4B-00C04F79EFBC}") = "daytwolatihan", "daytwolatihan\daytwolatihan.csproj", "{FAD4187C-5777-40EB-BF21-CD71B5BE10B7}"
EndProject
Project("{FAE04EC0-301F-11D3-BF4B-00C04F79EFBC}") = "constructor", "constructor\constructor.csproj", "{A7BCC7CB-2360-4891-A153-6CABB73949BB}"
EndProject
Project("{FAE04EC0-301F-11D3-BF4B-00C04F79EFBC}") = "composition", "composition\composition.csproj", "{ABF4B7CA-BC8D-4B04-874A-4FF56A1B8D06}"
EndProject
Project("{2150E333-8FDC-42A3-9474-1A3956D46DE8}") = "day 3", "day 3", "{4416E7A5-7188-4C9D-9E07-535B1DDD0EC9}"
EndProject
Project("{FAE04EC0-301F-11D3-BF4B-00C04F79EFBC}") = "After_inheritance", "After_inheritance.cs\After_inheritance.csproj", "{39FE9A08-3181-4D3D-BCDD-886A0630221E}"
EndProject
Project("{FAE04EC0-301F-11D3-BF4B-00C04F79EFBC}") = "inheritance_composition", "inheritance_composition\inheritance_composition.csproj", "{433D16B0-089B-43E5-BBFD-8730027110B5}"
EndProject
Project("{2150E333-8FDC-42A3-9474-1A3956D46DE8}") = "day 4", "day 4", "{1298BFFF-A1D2-4BFB-B064-A2EA3561EE59}"
EndProject
Project("{FAE04EC0-301F-11D3-BF4B-00C04F79EFBC}") = "encapsulationprivate", "encapsulationprivate\encapsulationprivate.csproj", "{8C8840B9-CECC-4776-89C1-FC475FFE8D79}"
EndProject
Project("{FAE04EC0-301F-11D3-BF4B-00C04F79EFBC}") = "encapsulationpublic", "encapsulationpublic\encapsulationpublic.csproj", "{DCA59D26-BD0B-4033-8C0F-866318019C00}"
EndProject
Project("{FAE04EC0-301F-11D3-BF4B-00C04F79EFBC}") = "private_2", "private_2\private_2.csproj", "{480C0DF7-E0FB-44B4-AE2F-8DEA1E06AB4E}"
EndProject
Project("{FAE04EC0-301F-11D3-BF4B-00C04F79EFBC}") = "question_1", "question_1\question_1.csproj", "{592AE9E2-DB81-44AC-B621-D2DEDA077A70}"
EndProject
Project("{FAE04EC0-301F-11D3-BF4B-00C04F79EFBC}") = "Latihan_question_1", "Latihan_question_1\Latihan_question_1.csproj", "{0E234239-128A-4F68-9300-BC7FF576BDB5}"
EndProject
Project("{FAE04EC0-301F-11D3-BF4B-00C04F79EFBC}") = "internal", "internal\internal.csproj", "{D47D7A22-C596-468A-A0A4-10CDDA5CCEE0}"
EndProject
Project("{FAE04EC0-301F-11D3-BF4B-00C04F79EFBC}") = "internal_2", "internal_2\internal_2.csproj", "{9BA00CCC-23E9-485A-8378-456DAA69B00E}"
EndProject
Project("{FAE04EC0-301F-11D3-BF4B-00C04F79EFBC}") = "polymorp", "polymorp\polymorp.csproj", "{00C1CB7C-B283-4CA1-B6CF-6CAA127D4581}"
EndProject
Project("{FAE04EC0-301F-11D3-BF4B-00C04F79EFBC}") = "polymorph_N", "polymorph_N\polymorph_N.csproj", "{F5B3F2F9-6BE5-470B-8F87-1D6523EEA495}"
EndProject
Project("{FAE04EC0-301F-11D3-BF4B-00C04F79EFBC}") = "overloading", "overloading\overloading.csproj", "{F800972D-02BE-4600-A54E-14B572D3FFE1}"
EndProject
Project("{2150E333-8FDC-42A3-9474-1A3956D46DE8}") = "day 5", "day 5", "{147F247B-8613-42F9-8CCD-FA65759A3E07}"
EndProject
Project("{FAE04EC0-301F-11D3-BF4B-00C04F79EFBC}") = "reference type", "reference type\reference type.csproj", "{5B03D881-F97F-495A-BB45-FBFE3CC74EC2}"
EndProject
Project("{FAE04EC0-301F-11D3-BF4B-00C04F79EFBC}") = "reference type _String", "reference type _String\reference type _String.csproj", "{DD7A3B0B-A68B-400C-9406-C1F8648BF202}"
EndProject
Project("{FAE04EC0-301F-11D3-BF4B-00C04F79EFBC}") = "value_type", "value_type\value_type.csproj", "{55F27645-2C96-4042-B9BB-362B1FEBF282}"
EndProject
Project("{FAE04EC0-301F-11D3-BF4B-00C04F79EFBC}") = "Abstraction", "Abstraction\Abstraction.csproj", "{2BB6C829-E9C2-46BF-BADA-2859A2138514}"
EndProject
Project("{FAE04EC0-301F-11D3-BF4B-00C04F79EFBC}") = "abstraction_2", "abstraction_2\abstraction_2.csproj", "{F2B4815C-E162-4057-9522-9464F3CF08D7}"
EndProject
Project("{FAE04EC0-301F-11D3-BF4B-00C04F79EFBC}") = "Abstraction_Q1", "Abstraction_Q1\Abstraction_Q1.csproj", "{1B0F6825-5FB7-458E-85BF-4C8AA14ADA3A}"
EndProject
Project("{FAE04EC0-301F-11D3-BF4B-00C04F79EFBC}") = "Interface", "Interface\Interface.csproj", "{2BDFD0D9-6C57-4E74-AAB9-EB19DF4020D4}"
EndProject
Project("{FAE04EC0-301F-11D3-BF4B-00C04F79EFBC}") = "interface_2", "interface_2\interface_2.csproj", "{B70E1A63-64F5-4A70-9485-EC1AD3FC8AAD}"
EndProject
Project("{2150E333-8FDC-42A3-9474-1A3956D46DE8}") = "day 6", "day 6", "{61390751-A60D-4D92-B363-47F247212F9C}"
EndProject
Project("{FAE04EC0-301F-11D3-BF4B-00C04F79EFBC}") = "property", "property\property.csproj", "{440D36CE-6347-4A1A-BE4A-3DC32E1320CF}"
EndProject
Project("{FAE04EC0-301F-11D3-BF4B-00C04F79EFBC}") = "Property_2", "Property_2\Property_2.csproj", "{0484B5C4-E1E0-4EC2-88AE-70051B250DA7}"
EndProject
Project("{FAE04EC0-301F-11D3-BF4B-00C04F79EFBC}") = "Static", "property_3\property_3.csproj", "{B233C9D9-5651-4723-810A-C44EE779D04C}"
EndProject
Project("{FAE04EC0-301F-11D3-BF4B-00C04F79EFBC}") = "Static", "Static\Static.csproj", "{85B8C821-CB64-4AD2-A546-F7608F9C8D8E}"
EndProject
Project("{FAE04EC0-301F-11D3-BF4B-00C04F79EFBC}") = "Object", "Object\Object.csproj", "{9F120308-06AC-4D26-8C2B-2934E69A49A0}"
EndProject
Project("{FAE04EC0-301F-11D3-BF4B-00C04F79EFBC}") = "var", "var\var.csproj", "{9D6D3496-5F0E-4974-AADA-33CF3AF7D0E9}"
EndProject
Project("{2150E333-8FDC-42A3-9474-1A3956D46DE8}") = "day 7", "day 7", "{0C6963A4-21BB-4A11-B6D3-D218E152BD6E}"
EndProject
Project("{FAE04EC0-301F-11D3-BF4B-00C04F79EFBC}") = "Generic", "Generic\Generic.csproj", "{2C55F591-6A0F-4C82-848F-2164283DE25C}"
EndProject
Project("{FAE04EC0-301F-11D3-BF4B-00C04F79EFBC}") = "Generic_2", "Generic_2\Generic_2.csproj", "{BF933E9A-F101-4B66-9D2F-BB49D69DF474}"
EndProject
Project("{FAE04EC0-301F-11D3-BF4B-00C04F79EFBC}") = "gen_calculator", "gen_calculator\gen_calculator.csproj", "{02BFFA5B-317C-477E-9CCA-A24C8E39364D}"
EndProject
Project("{FAE04EC0-301F-11D3-BF4B-00C04F79EFBC}") = "operator overloading", "operator overloading\operator overloading.csproj", "{5C17897C-7513-4AE7-979A-49A832DEC060}"
EndProject
Project("{FAE04EC0-301F-11D3-BF4B-00C04F79EFBC}") = "delegate", "delegate\delegate.csproj", "{FDBF861D-C7B4-445D-86E1-8F20489C1BA9}"
EndProject
Project("{FAE04EC0-301F-11D3-BF4B-00C04F79EFBC}") = "Delegate_Subscriber", "Delegate_Subscriber\Delegate_Subscriber.csproj", "{1C85C3D5-7325-45E5-BCBE-C8013BFCE137}"
EndProject
Project("{2150E333-8FDC-42A3-9474-1A3956D46DE8}") = "day 8", "day 8", "{C5D217B9-2EC3-44F2-AE28-A323E80491A5}"
EndProject
Project("{FAE04EC0-301F-11D3-BF4B-00C04F79EFBC}") = "A_Event Delegate", "A_Event Delegate\A_Event Delegate.csproj", "{1FECA7DB-6A1E-4BDC-963B-5FB97AB0DBFC}"
EndProject
Project("{FAE04EC0-301F-11D3-BF4B-00C04F79EFBC}") = "Delegate Return", "Delegate Return\Delegate Return.csproj", "{DD630407-BF97-40BC-A815-B8F75E3CDCEB}"
EndProject
Project("{FAE04EC0-301F-11D3-BF4B-00C04F79EFBC}") = "level_1_Delegate", "level_1_Delegate\level_1_Delegate.csproj", "{6404E86A-8890-4589-BE30-78FF43AD7BFC}"
EndProject
Project("{FAE04EC0-301F-11D3-BF4B-00C04F79EFBC}") = "Level_2_Delegate", "Level_2_Delegate\Level_2_Delegate.csproj", "{7E80EC2A-261D-45E0-9BF6-3C3E577A8DC6}"
EndProject
Project("{FAE04EC0-301F-11D3-BF4B-00C04F79EFBC}") = "With_Action", "With_Action\With_Action.csproj", "{68E05BDE-761E-49EE-98DD-44545E9E3C9D}"
EndProject
Project("{FAE04EC0-301F-11D3-BF4B-00C04F79EFBC}") = "Dictionary", "without_action\without_action.csproj", "{D2933377-E867-456D-BC91-2B03446A7710}"
EndProject
Project("{2150E333-8FDC-42A3-9474-1A3956D46DE8}") = "day 9", "day 9", "{4564F0DE-9B2A-4B7A-9672-1894D1C992D2}"
EndProject
Project("{FAE04EC0-301F-11D3-BF4B-00C04F79EFBC}") = "materi1_day 9", "materi1_day 9\materi1_day 9.csproj", "{0573B76C-9134-4FB8-B234-7AC9C02C224E}"
EndProject
Project("{FAE04EC0-301F-11D3-BF4B-00C04F79EFBC}") = "Enum", "Enum\Enum.csproj", "{AAEAE054-1E51-4118-B1EB-9336D1EC8874}"
EndProject
Project("{FAE04EC0-301F-11D3-BF4B-00C04F79EFBC}") = "Enum_2", "Enum_2\Enum_2.csproj", "{50B74712-5103-4D70-B470-BC55160C1511}"
EndProject
Project("{FAE04EC0-301F-11D3-BF4B-00C04F79EFBC}") = "StringImutable", "StringImutable\StringImutable.csproj", "{539A23AF-B65C-4F29-A6C2-50E3C220B6FA}"
EndProject
Project("{FAE04EC0-301F-11D3-BF4B-00C04F79EFBC}") = "A_Finilizer", "A_Finilizer\A_Finilizer.csproj", "{00B319A2-AB31-4A4D-B52A-A886141A2748}"
EndProject
Project("{FAE04EC0-301F-11D3-BF4B-00C04F79EFBC}") = "B_Large Object Heap", "B_Large Object Heap\B_Large Object Heap.csproj", "{31B218D1-0C9B-403C-A982-10F20178830D}"
EndProject
Global
	GlobalSection(SolutionConfigurationPlatforms) = preSolution
		Debug|Any CPU = Debug|Any CPU
		Release|Any CPU = Release|Any CPU
	EndGlobalSection
	GlobalSection(ProjectConfigurationPlatforms) = postSolution
		{B011E713-1498-4767-8A86-9C3BCD067394}.Debug|Any CPU.ActiveCfg = Debug|Any CPU
		{B011E713-1498-4767-8A86-9C3BCD067394}.Debug|Any CPU.Build.0 = Debug|Any CPU
		{B011E713-1498-4767-8A86-9C3BCD067394}.Release|Any CPU.ActiveCfg = Release|Any CPU
		{B011E713-1498-4767-8A86-9C3BCD067394}.Release|Any CPU.Build.0 = Release|Any CPU
		{1C86FE1D-4E0A-4729-ABE9-1EAC0500F091}.Debug|Any CPU.ActiveCfg = Debug|Any CPU
		{1C86FE1D-4E0A-4729-ABE9-1EAC0500F091}.Debug|Any CPU.Build.0 = Debug|Any CPU
		{1C86FE1D-4E0A-4729-ABE9-1EAC0500F091}.Release|Any CPU.ActiveCfg = Release|Any CPU
		{1C86FE1D-4E0A-4729-ABE9-1EAC0500F091}.Release|Any CPU.Build.0 = Release|Any CPU
		{7A5906E6-6DCC-405A-BDBE-0A91F3CB9B70}.Debug|Any CPU.ActiveCfg = Debug|Any CPU
		{7A5906E6-6DCC-405A-BDBE-0A91F3CB9B70}.Debug|Any CPU.Build.0 = Debug|Any CPU
		{7A5906E6-6DCC-405A-BDBE-0A91F3CB9B70}.Release|Any CPU.ActiveCfg = Release|Any CPU
		{7A5906E6-6DCC-405A-BDBE-0A91F3CB9B70}.Release|Any CPU.Build.0 = Release|Any CPU
		{8CD8BCC0-AA0D-4EE4-89DF-3C7AC5BD25B0}.Debug|Any CPU.ActiveCfg = Debug|Any CPU
		{8CD8BCC0-AA0D-4EE4-89DF-3C7AC5BD25B0}.Debug|Any CPU.Build.0 = Debug|Any CPU
		{8CD8BCC0-AA0D-4EE4-89DF-3C7AC5BD25B0}.Release|Any CPU.ActiveCfg = Release|Any CPU
		{8CD8BCC0-AA0D-4EE4-89DF-3C7AC5BD25B0}.Release|Any CPU.Build.0 = Release|Any CPU
		{7118BF43-28F0-46FC-9D1C-D44D28367712}.Debug|Any CPU.ActiveCfg = Debug|Any CPU
		{7118BF43-28F0-46FC-9D1C-D44D28367712}.Debug|Any CPU.Build.0 = Debug|Any CPU
		{7118BF43-28F0-46FC-9D1C-D44D28367712}.Release|Any CPU.ActiveCfg = Release|Any CPU
		{7118BF43-28F0-46FC-9D1C-D44D28367712}.Release|Any CPU.Build.0 = Release|Any CPU
		{5FD66F4D-AA42-4562-8505-833B0EE1C2FB}.Debug|Any CPU.ActiveCfg = Debug|Any CPU
		{5FD66F4D-AA42-4562-8505-833B0EE1C2FB}.Debug|Any CPU.Build.0 = Debug|Any CPU
		{5FD66F4D-AA42-4562-8505-833B0EE1C2FB}.Release|Any CPU.ActiveCfg = Release|Any CPU
		{5FD66F4D-AA42-4562-8505-833B0EE1C2FB}.Release|Any CPU.Build.0 = Release|Any CPU
		{69BAA2A7-16E1-480E-AB86-B2F8F20562A1}.Debug|Any CPU.ActiveCfg = Debug|Any CPU
		{69BAA2A7-16E1-480E-AB86-B2F8F20562A1}.Debug|Any CPU.Build.0 = Debug|Any CPU
		{69BAA2A7-16E1-480E-AB86-B2F8F20562A1}.Release|Any CPU.ActiveCfg = Release|Any CPU
		{69BAA2A7-16E1-480E-AB86-B2F8F20562A1}.Release|Any CPU.Build.0 = Release|Any CPU
		{FAD4187C-5777-40EB-BF21-CD71B5BE10B7}.Debug|Any CPU.ActiveCfg = Debug|Any CPU
		{FAD4187C-5777-40EB-BF21-CD71B5BE10B7}.Debug|Any CPU.Build.0 = Debug|Any CPU
		{FAD4187C-5777-40EB-BF21-CD71B5BE10B7}.Release|Any CPU.ActiveCfg = Release|Any CPU
		{FAD4187C-5777-40EB-BF21-CD71B5BE10B7}.Release|Any CPU.Build.0 = Release|Any CPU
		{A7BCC7CB-2360-4891-A153-6CABB73949BB}.Debug|Any CPU.ActiveCfg = Debug|Any CPU
		{A7BCC7CB-2360-4891-A153-6CABB73949BB}.Debug|Any CPU.Build.0 = Debug|Any CPU
		{A7BCC7CB-2360-4891-A153-6CABB73949BB}.Release|Any CPU.ActiveCfg = Release|Any CPU
		{A7BCC7CB-2360-4891-A153-6CABB73949BB}.Release|Any CPU.Build.0 = Release|Any CPU
		{ABF4B7CA-BC8D-4B04-874A-4FF56A1B8D06}.Debug|Any CPU.ActiveCfg = Debug|Any CPU
		{ABF4B7CA-BC8D-4B04-874A-4FF56A1B8D06}.Debug|Any CPU.Build.0 = Debug|Any CPU
		{ABF4B7CA-BC8D-4B04-874A-4FF56A1B8D06}.Release|Any CPU.ActiveCfg = Release|Any CPU
		{ABF4B7CA-BC8D-4B04-874A-4FF56A1B8D06}.Release|Any CPU.Build.0 = Release|Any CPU
		{39FE9A08-3181-4D3D-BCDD-886A0630221E}.Debug|Any CPU.ActiveCfg = Debug|Any CPU
		{39FE9A08-3181-4D3D-BCDD-886A0630221E}.Debug|Any CPU.Build.0 = Debug|Any CPU
		{39FE9A08-3181-4D3D-BCDD-886A0630221E}.Release|Any CPU.ActiveCfg = Release|Any CPU
		{39FE9A08-3181-4D3D-BCDD-886A0630221E}.Release|Any CPU.Build.0 = Release|Any CPU
		{433D16B0-089B-43E5-BBFD-8730027110B5}.Debug|Any CPU.ActiveCfg = Debug|Any CPU
		{433D16B0-089B-43E5-BBFD-8730027110B5}.Debug|Any CPU.Build.0 = Debug|Any CPU
		{433D16B0-089B-43E5-BBFD-8730027110B5}.Release|Any CPU.ActiveCfg = Release|Any CPU
		{433D16B0-089B-43E5-BBFD-8730027110B5}.Release|Any CPU.Build.0 = Release|Any CPU
		{8C8840B9-CECC-4776-89C1-FC475FFE8D79}.Debug|Any CPU.ActiveCfg = Debug|Any CPU
		{8C8840B9-CECC-4776-89C1-FC475FFE8D79}.Debug|Any CPU.Build.0 = Debug|Any CPU
		{8C8840B9-CECC-4776-89C1-FC475FFE8D79}.Release|Any CPU.ActiveCfg = Release|Any CPU
		{8C8840B9-CECC-4776-89C1-FC475FFE8D79}.Release|Any CPU.Build.0 = Release|Any CPU
		{DCA59D26-BD0B-4033-8C0F-866318019C00}.Debug|Any CPU.ActiveCfg = Debug|Any CPU
		{DCA59D26-BD0B-4033-8C0F-866318019C00}.Debug|Any CPU.Build.0 = Debug|Any CPU
		{DCA59D26-BD0B-4033-8C0F-866318019C00}.Release|Any CPU.ActiveCfg = Release|Any CPU
		{DCA59D26-BD0B-4033-8C0F-866318019C00}.Release|Any CPU.Build.0 = Release|Any CPU
		{480C0DF7-E0FB-44B4-AE2F-8DEA1E06AB4E}.Debug|Any CPU.ActiveCfg = Debug|Any CPU
		{480C0DF7-E0FB-44B4-AE2F-8DEA1E06AB4E}.Debug|Any CPU.Build.0 = Debug|Any CPU
		{480C0DF7-E0FB-44B4-AE2F-8DEA1E06AB4E}.Release|Any CPU.ActiveCfg = Release|Any CPU
		{480C0DF7-E0FB-44B4-AE2F-8DEA1E06AB4E}.Release|Any CPU.Build.0 = Release|Any CPU
		{592AE9E2-DB81-44AC-B621-D2DEDA077A70}.Debug|Any CPU.ActiveCfg = Debug|Any CPU
		{592AE9E2-DB81-44AC-B621-D2DEDA077A70}.Debug|Any CPU.Build.0 = Debug|Any CPU
		{592AE9E2-DB81-44AC-B621-D2DEDA077A70}.Release|Any CPU.ActiveCfg = Release|Any CPU
		{592AE9E2-DB81-44AC-B621-D2DEDA077A70}.Release|Any CPU.Build.0 = Release|Any CPU
		{0E234239-128A-4F68-9300-BC7FF576BDB5}.Debug|Any CPU.ActiveCfg = Debug|Any CPU
		{0E234239-128A-4F68-9300-BC7FF576BDB5}.Debug|Any CPU.Build.0 = Debug|Any CPU
		{0E234239-128A-4F68-9300-BC7FF576BDB5}.Release|Any CPU.ActiveCfg = Release|Any CPU
		{0E234239-128A-4F68-9300-BC7FF576BDB5}.Release|Any CPU.Build.0 = Release|Any CPU
		{D47D7A22-C596-468A-A0A4-10CDDA5CCEE0}.Debug|Any CPU.ActiveCfg = Debug|Any CPU
		{D47D7A22-C596-468A-A0A4-10CDDA5CCEE0}.Debug|Any CPU.Build.0 = Debug|Any CPU
		{D47D7A22-C596-468A-A0A4-10CDDA5CCEE0}.Release|Any CPU.ActiveCfg = Release|Any CPU
		{D47D7A22-C596-468A-A0A4-10CDDA5CCEE0}.Release|Any CPU.Build.0 = Release|Any CPU
		{9BA00CCC-23E9-485A-8378-456DAA69B00E}.Debug|Any CPU.ActiveCfg = Debug|Any CPU
		{9BA00CCC-23E9-485A-8378-456DAA69B00E}.Debug|Any CPU.Build.0 = Debug|Any CPU
		{9BA00CCC-23E9-485A-8378-456DAA69B00E}.Release|Any CPU.ActiveCfg = Release|Any CPU
		{9BA00CCC-23E9-485A-8378-456DAA69B00E}.Release|Any CPU.Build.0 = Release|Any CPU
		{00C1CB7C-B283-4CA1-B6CF-6CAA127D4581}.Debug|Any CPU.ActiveCfg = Debug|Any CPU
		{00C1CB7C-B283-4CA1-B6CF-6CAA127D4581}.Debug|Any CPU.Build.0 = Debug|Any CPU
		{00C1CB7C-B283-4CA1-B6CF-6CAA127D4581}.Release|Any CPU.ActiveCfg = Release|Any CPU
		{00C1CB7C-B283-4CA1-B6CF-6CAA127D4581}.Release|Any CPU.Build.0 = Release|Any CPU
		{F5B3F2F9-6BE5-470B-8F87-1D6523EEA495}.Debug|Any CPU.ActiveCfg = Debug|Any CPU
		{F5B3F2F9-6BE5-470B-8F87-1D6523EEA495}.Debug|Any CPU.Build.0 = Debug|Any CPU
		{F5B3F2F9-6BE5-470B-8F87-1D6523EEA495}.Release|Any CPU.ActiveCfg = Release|Any CPU
		{F5B3F2F9-6BE5-470B-8F87-1D6523EEA495}.Release|Any CPU.Build.0 = Release|Any CPU
		{F800972D-02BE-4600-A54E-14B572D3FFE1}.Debug|Any CPU.ActiveCfg = Debug|Any CPU
		{F800972D-02BE-4600-A54E-14B572D3FFE1}.Debug|Any CPU.Build.0 = Debug|Any CPU
		{F800972D-02BE-4600-A54E-14B572D3FFE1}.Release|Any CPU.ActiveCfg = Release|Any CPU
		{F800972D-02BE-4600-A54E-14B572D3FFE1}.Release|Any CPU.Build.0 = Release|Any CPU
		{5B03D881-F97F-495A-BB45-FBFE3CC74EC2}.Debug|Any CPU.ActiveCfg = Debug|Any CPU
		{5B03D881-F97F-495A-BB45-FBFE3CC74EC2}.Debug|Any CPU.Build.0 = Debug|Any CPU
		{5B03D881-F97F-495A-BB45-FBFE3CC74EC2}.Release|Any CPU.ActiveCfg = Release|Any CPU
		{5B03D881-F97F-495A-BB45-FBFE3CC74EC2}.Release|Any CPU.Build.0 = Release|Any CPU
		{DD7A3B0B-A68B-400C-9406-C1F8648BF202}.Debug|Any CPU.ActiveCfg = Debug|Any CPU
		{DD7A3B0B-A68B-400C-9406-C1F8648BF202}.Debug|Any CPU.Build.0 = Debug|Any CPU
		{DD7A3B0B-A68B-400C-9406-C1F8648BF202}.Release|Any CPU.ActiveCfg = Release|Any CPU
		{DD7A3B0B-A68B-400C-9406-C1F8648BF202}.Release|Any CPU.Build.0 = Release|Any CPU
		{55F27645-2C96-4042-B9BB-362B1FEBF282}.Debug|Any CPU.ActiveCfg = Debug|Any CPU
		{55F27645-2C96-4042-B9BB-362B1FEBF282}.Debug|Any CPU.Build.0 = Debug|Any CPU
		{55F27645-2C96-4042-B9BB-362B1FEBF282}.Release|Any CPU.ActiveCfg = Release|Any CPU
		{55F27645-2C96-4042-B9BB-362B1FEBF282}.Release|Any CPU.Build.0 = Release|Any CPU
		{2BB6C829-E9C2-46BF-BADA-2859A2138514}.Debug|Any CPU.ActiveCfg = Debug|Any CPU
		{2BB6C829-E9C2-46BF-BADA-2859A2138514}.Debug|Any CPU.Build.0 = Debug|Any CPU
		{2BB6C829-E9C2-46BF-BADA-2859A2138514}.Release|Any CPU.ActiveCfg = Release|Any CPU
		{2BB6C829-E9C2-46BF-BADA-2859A2138514}.Release|Any CPU.Build.0 = Release|Any CPU
		{F2B4815C-E162-4057-9522-9464F3CF08D7}.Debug|Any CPU.ActiveCfg = Debug|Any CPU
		{F2B4815C-E162-4057-9522-9464F3CF08D7}.Debug|Any CPU.Build.0 = Debug|Any CPU
		{F2B4815C-E162-4057-9522-9464F3CF08D7}.Release|Any CPU.ActiveCfg = Release|Any CPU
		{F2B4815C-E162-4057-9522-9464F3CF08D7}.Release|Any CPU.Build.0 = Release|Any CPU
		{1B0F6825-5FB7-458E-85BF-4C8AA14ADA3A}.Debug|Any CPU.ActiveCfg = Debug|Any CPU
		{1B0F6825-5FB7-458E-85BF-4C8AA14ADA3A}.Debug|Any CPU.Build.0 = Debug|Any CPU
		{1B0F6825-5FB7-458E-85BF-4C8AA14ADA3A}.Release|Any CPU.ActiveCfg = Release|Any CPU
		{1B0F6825-5FB7-458E-85BF-4C8AA14ADA3A}.Release|Any CPU.Build.0 = Release|Any CPU
		{2BDFD0D9-6C57-4E74-AAB9-EB19DF4020D4}.Debug|Any CPU.ActiveCfg = Debug|Any CPU
		{2BDFD0D9-6C57-4E74-AAB9-EB19DF4020D4}.Debug|Any CPU.Build.0 = Debug|Any CPU
		{2BDFD0D9-6C57-4E74-AAB9-EB19DF4020D4}.Release|Any CPU.ActiveCfg = Release|Any CPU
		{2BDFD0D9-6C57-4E74-AAB9-EB19DF4020D4}.Release|Any CPU.Build.0 = Release|Any CPU
		{B70E1A63-64F5-4A70-9485-EC1AD3FC8AAD}.Debug|Any CPU.ActiveCfg = Debug|Any CPU
		{B70E1A63-64F5-4A70-9485-EC1AD3FC8AAD}.Debug|Any CPU.Build.0 = Debug|Any CPU
		{B70E1A63-64F5-4A70-9485-EC1AD3FC8AAD}.Release|Any CPU.ActiveCfg = Release|Any CPU
		{B70E1A63-64F5-4A70-9485-EC1AD3FC8AAD}.Release|Any CPU.Build.0 = Release|Any CPU
		{440D36CE-6347-4A1A-BE4A-3DC32E1320CF}.Debug|Any CPU.ActiveCfg = Debug|Any CPU
		{440D36CE-6347-4A1A-BE4A-3DC32E1320CF}.Debug|Any CPU.Build.0 = Debug|Any CPU
		{440D36CE-6347-4A1A-BE4A-3DC32E1320CF}.Release|Any CPU.ActiveCfg = Release|Any CPU
		{440D36CE-6347-4A1A-BE4A-3DC32E1320CF}.Release|Any CPU.Build.0 = Release|Any CPU
		{0484B5C4-E1E0-4EC2-88AE-70051B250DA7}.Debug|Any CPU.ActiveCfg = Debug|Any CPU
		{0484B5C4-E1E0-4EC2-88AE-70051B250DA7}.Debug|Any CPU.Build.0 = Debug|Any CPU
		{0484B5C4-E1E0-4EC2-88AE-70051B250DA7}.Release|Any CPU.ActiveCfg = Release|Any CPU
		{0484B5C4-E1E0-4EC2-88AE-70051B250DA7}.Release|Any CPU.Build.0 = Release|Any CPU
		{B233C9D9-5651-4723-810A-C44EE779D04C}.Debug|Any CPU.ActiveCfg = Debug|Any CPU
		{B233C9D9-5651-4723-810A-C44EE779D04C}.Debug|Any CPU.Build.0 = Debug|Any CPU
		{B233C9D9-5651-4723-810A-C44EE779D04C}.Release|Any CPU.ActiveCfg = Release|Any CPU
		{B233C9D9-5651-4723-810A-C44EE779D04C}.Release|Any CPU.Build.0 = Release|Any CPU
		{85B8C821-CB64-4AD2-A546-F7608F9C8D8E}.Debug|Any CPU.ActiveCfg = Debug|Any CPU
		{85B8C821-CB64-4AD2-A546-F7608F9C8D8E}.Debug|Any CPU.Build.0 = Debug|Any CPU
		{85B8C821-CB64-4AD2-A546-F7608F9C8D8E}.Release|Any CPU.ActiveCfg = Release|Any CPU
		{85B8C821-CB64-4AD2-A546-F7608F9C8D8E}.Release|Any CPU.Build.0 = Release|Any CPU
		{9F120308-06AC-4D26-8C2B-2934E69A49A0}.Debug|Any CPU.ActiveCfg = Debug|Any CPU
		{9F120308-06AC-4D26-8C2B-2934E69A49A0}.Debug|Any CPU.Build.0 = Debug|Any CPU
		{9F120308-06AC-4D26-8C2B-2934E69A49A0}.Release|Any CPU.ActiveCfg = Release|Any CPU
		{9F120308-06AC-4D26-8C2B-2934E69A49A0}.Release|Any CPU.Build.0 = Release|Any CPU
		{9D6D3496-5F0E-4974-AADA-33CF3AF7D0E9}.Debug|Any CPU.ActiveCfg = Debug|Any CPU
		{9D6D3496-5F0E-4974-AADA-33CF3AF7D0E9}.Debug|Any CPU.Build.0 = Debug|Any CPU
		{9D6D3496-5F0E-4974-AADA-33CF3AF7D0E9}.Release|Any CPU.ActiveCfg = Release|Any CPU
		{9D6D3496-5F0E-4974-AADA-33CF3AF7D0E9}.Release|Any CPU.Build.0 = Release|Any CPU
		{2C55F591-6A0F-4C82-848F-2164283DE25C}.Debug|Any CPU.ActiveCfg = Debug|Any CPU
		{2C55F591-6A0F-4C82-848F-2164283DE25C}.Debug|Any CPU.Build.0 = Debug|Any CPU
		{2C55F591-6A0F-4C82-848F-2164283DE25C}.Release|Any CPU.ActiveCfg = Release|Any CPU
		{2C55F591-6A0F-4C82-848F-2164283DE25C}.Release|Any CPU.Build.0 = Release|Any CPU
		{BF933E9A-F101-4B66-9D2F-BB49D69DF474}.Debug|Any CPU.ActiveCfg = Debug|Any CPU
		{BF933E9A-F101-4B66-9D2F-BB49D69DF474}.Debug|Any CPU.Build.0 = Debug|Any CPU
		{BF933E9A-F101-4B66-9D2F-BB49D69DF474}.Release|Any CPU.ActiveCfg = Release|Any CPU
		{BF933E9A-F101-4B66-9D2F-BB49D69DF474}.Release|Any CPU.Build.0 = Release|Any CPU
		{02BFFA5B-317C-477E-9CCA-A24C8E39364D}.Debug|Any CPU.ActiveCfg = Debug|Any CPU
		{02BFFA5B-317C-477E-9CCA-A24C8E39364D}.Debug|Any CPU.Build.0 = Debug|Any CPU
		{02BFFA5B-317C-477E-9CCA-A24C8E39364D}.Release|Any CPU.ActiveCfg = Release|Any CPU
		{02BFFA5B-317C-477E-9CCA-A24C8E39364D}.Release|Any CPU.Build.0 = Release|Any CPU
		{5C17897C-7513-4AE7-979A-49A832DEC060}.Debug|Any CPU.ActiveCfg = Debug|Any CPU
		{5C17897C-7513-4AE7-979A-49A832DEC060}.Debug|Any CPU.Build.0 = Debug|Any CPU
		{5C17897C-7513-4AE7-979A-49A832DEC060}.Release|Any CPU.ActiveCfg = Release|Any CPU
		{5C17897C-7513-4AE7-979A-49A832DEC060}.Release|Any CPU.Build.0 = Release|Any CPU
		{FDBF861D-C7B4-445D-86E1-8F20489C1BA9}.Debug|Any CPU.ActiveCfg = Debug|Any CPU
		{FDBF861D-C7B4-445D-86E1-8F20489C1BA9}.Debug|Any CPU.Build.0 = Debug|Any CPU
		{FDBF861D-C7B4-445D-86E1-8F20489C1BA9}.Release|Any CPU.ActiveCfg = Release|Any CPU
		{FDBF861D-C7B4-445D-86E1-8F20489C1BA9}.Release|Any CPU.Build.0 = Release|Any CPU
		{1C85C3D5-7325-45E5-BCBE-C8013BFCE137}.Debug|Any CPU.ActiveCfg = Debug|Any CPU
		{1C85C3D5-7325-45E5-BCBE-C8013BFCE137}.Debug|Any CPU.Build.0 = Debug|Any CPU
		{1C85C3D5-7325-45E5-BCBE-C8013BFCE137}.Release|Any CPU.ActiveCfg = Release|Any CPU
		{1C85C3D5-7325-45E5-BCBE-C8013BFCE137}.Release|Any CPU.Build.0 = Release|Any CPU
		{1FECA7DB-6A1E-4BDC-963B-5FB97AB0DBFC}.Debug|Any CPU.ActiveCfg = Debug|Any CPU
		{1FECA7DB-6A1E-4BDC-963B-5FB97AB0DBFC}.Debug|Any CPU.Build.0 = Debug|Any CPU
		{1FECA7DB-6A1E-4BDC-963B-5FB97AB0DBFC}.Release|Any CPU.ActiveCfg = Release|Any CPU
		{1FECA7DB-6A1E-4BDC-963B-5FB97AB0DBFC}.Release|Any CPU.Build.0 = Release|Any CPU
		{DD630407-BF97-40BC-A815-B8F75E3CDCEB}.Debug|Any CPU.ActiveCfg = Debug|Any CPU
		{DD630407-BF97-40BC-A815-B8F75E3CDCEB}.Debug|Any CPU.Build.0 = Debug|Any CPU
		{DD630407-BF97-40BC-A815-B8F75E3CDCEB}.Release|Any CPU.ActiveCfg = Release|Any CPU
		{DD630407-BF97-40BC-A815-B8F75E3CDCEB}.Release|Any CPU.Build.0 = Release|Any CPU
		{6404E86A-8890-4589-BE30-78FF43AD7BFC}.Debug|Any CPU.ActiveCfg = Debug|Any CPU
		{6404E86A-8890-4589-BE30-78FF43AD7BFC}.Debug|Any CPU.Build.0 = Debug|Any CPU
		{6404E86A-8890-4589-BE30-78FF43AD7BFC}.Release|Any CPU.ActiveCfg = Release|Any CPU
		{6404E86A-8890-4589-BE30-78FF43AD7BFC}.Release|Any CPU.Build.0 = Release|Any CPU
		{7E80EC2A-261D-45E0-9BF6-3C3E577A8DC6}.Debug|Any CPU.ActiveCfg = Debug|Any CPU
		{7E80EC2A-261D-45E0-9BF6-3C3E577A8DC6}.Debug|Any CPU.Build.0 = Debug|Any CPU
		{7E80EC2A-261D-45E0-9BF6-3C3E577A8DC6}.Release|Any CPU.ActiveCfg = Release|Any CPU
		{7E80EC2A-261D-45E0-9BF6-3C3E577A8DC6}.Release|Any CPU.Build.0 = Release|Any CPU
		{68E05BDE-761E-49EE-98DD-44545E9E3C9D}.Debug|Any CPU.ActiveCfg = Debug|Any CPU
		{68E05BDE-761E-49EE-98DD-44545E9E3C9D}.Debug|Any CPU.Build.0 = Debug|Any CPU
		{68E05BDE-761E-49EE-98DD-44545E9E3C9D}.Release|Any CPU.ActiveCfg = Release|Any CPU
		{68E05BDE-761E-49EE-98DD-44545E9E3C9D}.Release|Any CPU.Build.0 = Release|Any CPU
		{D2933377-E867-456D-BC91-2B03446A7710}.Debug|Any CPU.ActiveCfg = Debug|Any CPU
		{D2933377-E867-456D-BC91-2B03446A7710}.Debug|Any CPU.Build.0 = Debug|Any CPU
		{D2933377-E867-456D-BC91-2B03446A7710}.Release|Any CPU.ActiveCfg = Release|Any CPU
		{D2933377-E867-456D-BC91-2B03446A7710}.Release|Any CPU.Build.0 = Release|Any CPU
		{0573B76C-9134-4FB8-B234-7AC9C02C224E}.Debug|Any CPU.ActiveCfg = Debug|Any CPU
		{0573B76C-9134-4FB8-B234-7AC9C02C224E}.Debug|Any CPU.Build.0 = Debug|Any CPU
		{0573B76C-9134-4FB8-B234-7AC9C02C224E}.Release|Any CPU.ActiveCfg = Release|Any CPU
		{0573B76C-9134-4FB8-B234-7AC9C02C224E}.Release|Any CPU.Build.0 = Release|Any CPU
		{AAEAE054-1E51-4118-B1EB-9336D1EC8874}.Debug|Any CPU.ActiveCfg = Debug|Any CPU
		{AAEAE054-1E51-4118-B1EB-9336D1EC8874}.Debug|Any CPU.Build.0 = Debug|Any CPU
		{AAEAE054-1E51-4118-B1EB-9336D1EC8874}.Release|Any CPU.ActiveCfg = Release|Any CPU
		{AAEAE054-1E51-4118-B1EB-9336D1EC8874}.Release|Any CPU.Build.0 = Release|Any CPU
		{50B74712-5103-4D70-B470-BC55160C1511}.Debug|Any CPU.ActiveCfg = Debug|Any CPU
		{50B74712-5103-4D70-B470-BC55160C1511}.Debug|Any CPU.Build.0 = Debug|Any CPU
		{50B74712-5103-4D70-B470-BC55160C1511}.Release|Any CPU.ActiveCfg = Release|Any CPU
		{50B74712-5103-4D70-B470-BC55160C1511}.Release|Any CPU.Build.0 = Release|Any CPU
		{539A23AF-B65C-4F29-A6C2-50E3C220B6FA}.Debug|Any CPU.ActiveCfg = Debug|Any CPU
		{539A23AF-B65C-4F29-A6C2-50E3C220B6FA}.Debug|Any CPU.Build.0 = Debug|Any CPU
		{539A23AF-B65C-4F29-A6C2-50E3C220B6FA}.Release|Any CPU.ActiveCfg = Release|Any CPU
		{539A23AF-B65C-4F29-A6C2-50E3C220B6FA}.Release|Any CPU.Build.0 = Release|Any CPU
		{00B319A2-AB31-4A4D-B52A-A886141A2748}.Debug|Any CPU.ActiveCfg = Debug|Any CPU
		{00B319A2-AB31-4A4D-B52A-A886141A2748}.Debug|Any CPU.Build.0 = Debug|Any CPU
		{00B319A2-AB31-4A4D-B52A-A886141A2748}.Release|Any CPU.ActiveCfg = Release|Any CPU
		{00B319A2-AB31-4A4D-B52A-A886141A2748}.Release|Any CPU.Build.0 = Release|Any CPU
		{31B218D1-0C9B-403C-A982-10F20178830D}.Debug|Any CPU.ActiveCfg = Debug|Any CPU
		{31B218D1-0C9B-403C-A982-10F20178830D}.Debug|Any CPU.Build.0 = Debug|Any CPU
		{31B218D1-0C9B-403C-A982-10F20178830D}.Release|Any CPU.ActiveCfg = Release|Any CPU
		{31B218D1-0C9B-403C-A982-10F20178830D}.Release|Any CPU.Build.0 = Release|Any CPU
	EndGlobalSection
	GlobalSection(SolutionProperties) = preSolution
		HideSolutionNode = FALSE
	EndGlobalSection
	GlobalSection(ExtensibilityGlobals) = postSolution
		SolutionGuid = {EF025377-4743-4A04-9A23-0010E4A53A51}
	EndGlobalSection
	GlobalSection(NestedProjects) = preSolution
		{50B74712-5103-4D70-B470-BC55160C1511} = {4564F0DE-9B2A-4B7A-9672-1894D1C992D2}
		{AAEAE054-1E51-4118-B1EB-9336D1EC8874} = {4564F0DE-9B2A-4B7A-9672-1894D1C992D2}
		{0573B76C-9134-4FB8-B234-7AC9C02C224E} = {4564F0DE-9B2A-4B7A-9672-1894D1C992D2}
		{D2933377-E867-456D-BC91-2B03446A7710} = {C5D217B9-2EC3-44F2-AE28-A323E80491A5}
		{68E05BDE-761E-49EE-98DD-44545E9E3C9D} = {C5D217B9-2EC3-44F2-AE28-A323E80491A5}
		{7E80EC2A-261D-45E0-9BF6-3C3E577A8DC6} = {C5D217B9-2EC3-44F2-AE28-A323E80491A5}
		{6404E86A-8890-4589-BE30-78FF43AD7BFC} = {C5D217B9-2EC3-44F2-AE28-A323E80491A5}
		{DD630407-BF97-40BC-A815-B8F75E3CDCEB} = {C5D217B9-2EC3-44F2-AE28-A323E80491A5}
		{1FECA7DB-6A1E-4BDC-963B-5FB97AB0DBFC} = {C5D217B9-2EC3-44F2-AE28-A323E80491A5}
		{1C85C3D5-7325-45E5-BCBE-C8013BFCE137} = {0C6963A4-21BB-4A11-B6D3-D218E152BD6E}
		{FDBF861D-C7B4-445D-86E1-8F20489C1BA9} = {0C6963A4-21BB-4A11-B6D3-D218E152BD6E}
		{5C17897C-7513-4AE7-979A-49A832DEC060} = {0C6963A4-21BB-4A11-B6D3-D218E152BD6E}
		{02BFFA5B-317C-477E-9CCA-A24C8E39364D} = {0C6963A4-21BB-4A11-B6D3-D218E152BD6E}
		{BF933E9A-F101-4B66-9D2F-BB49D69DF474} = {0C6963A4-21BB-4A11-B6D3-D218E152BD6E}
		{2C55F591-6A0F-4C82-848F-2164283DE25C} = {0C6963A4-21BB-4A11-B6D3-D218E152BD6E}
		{9D6D3496-5F0E-4974-AADA-33CF3AF7D0E9} = {61390751-A60D-4D92-B363-47F247212F9C}
		{9F120308-06AC-4D26-8C2B-2934E69A49A0} = {61390751-A60D-4D92-B363-47F247212F9C}
		{B233C9D9-5651-4723-810A-C44EE779D04C} = {B233C9D9-5651-4723-810A-C44EE779D04C}
		{85B8C821-CB64-4AD2-A546-F7608F9C8D8E} = {61390751-A60D-4D92-B363-47F247212F9C}
		{0484B5C4-E1E0-4EC2-88AE-70051B250DA7} = {61390751-A60D-4D92-B363-47F247212F9C}
		{440D36CE-6347-4A1A-BE4A-3DC32E1320CF} = {61390751-A60D-4D92-B363-47F247212F9C}
		{55F27645-2C96-4042-B9BB-362B1FEBF282} = {147F247B-8613-42F9-8CCD-FA65759A3E07}
		{DD7A3B0B-A68B-400C-9406-C1F8648BF202} = {147F247B-8613-42F9-8CCD-FA65759A3E07}
		{5B03D881-F97F-495A-BB45-FBFE3CC74EC2} = {147F247B-8613-42F9-8CCD-FA65759A3E07}
		{B70E1A63-64F5-4A70-9485-EC1AD3FC8AAD} = {147F247B-8613-42F9-8CCD-FA65759A3E07}
		{2BDFD0D9-6C57-4E74-AAB9-EB19DF4020D4} = {147F247B-8613-42F9-8CCD-FA65759A3E07}
		{1B0F6825-5FB7-458E-85BF-4C8AA14ADA3A} = {147F247B-8613-42F9-8CCD-FA65759A3E07}
		{F2B4815C-E162-4057-9522-9464F3CF08D7} = {147F247B-8613-42F9-8CCD-FA65759A3E07}
		{2BB6C829-E9C2-46BF-BADA-2859A2138514} = {147F247B-8613-42F9-8CCD-FA65759A3E07}
		{592AE9E2-DB81-44AC-B621-D2DEDA077A70} = {1298BFFF-A1D2-4BFB-B064-A2EA3561EE59}
		{480C0DF7-E0FB-44B4-AE2F-8DEA1E06AB4E} = {1298BFFF-A1D2-4BFB-B064-A2EA3561EE59}
		{F5B3F2F9-6BE5-470B-8F87-1D6523EEA495} = {1298BFFF-A1D2-4BFB-B064-A2EA3561EE59}
		{00C1CB7C-B283-4CA1-B6CF-6CAA127D4581} = {1298BFFF-A1D2-4BFB-B064-A2EA3561EE59}
		{F800972D-02BE-4600-A54E-14B572D3FFE1} = {1298BFFF-A1D2-4BFB-B064-A2EA3561EE59}
		{0E234239-128A-4F68-9300-BC7FF576BDB5} = {1298BFFF-A1D2-4BFB-B064-A2EA3561EE59}
		{9BA00CCC-23E9-485A-8378-456DAA69B00E} = {1298BFFF-A1D2-4BFB-B064-A2EA3561EE59}
		{D47D7A22-C596-468A-A0A4-10CDDA5CCEE0} = {1298BFFF-A1D2-4BFB-B064-A2EA3561EE59}
		{DCA59D26-BD0B-4033-8C0F-866318019C00} = {1298BFFF-A1D2-4BFB-B064-A2EA3561EE59}
		{8C8840B9-CECC-4776-89C1-FC475FFE8D79} = {1298BFFF-A1D2-4BFB-B064-A2EA3561EE59}
		{433D16B0-089B-43E5-BBFD-8730027110B5} = {4416E7A5-7188-4C9D-9E07-535B1DDD0EC9}
		{39FE9A08-3181-4D3D-BCDD-886A0630221E} = {4416E7A5-7188-4C9D-9E07-535B1DDD0EC9}
		{ABF4B7CA-BC8D-4B04-874A-4FF56A1B8D06} = {4416E7A5-7188-4C9D-9E07-535B1DDD0EC9}
		{5FD66F4D-AA42-4562-8505-833B0EE1C2FB} = {44602CD2-3826-405A-9B42-9AD39F595A72}
		{69BAA2A7-16E1-480E-AB86-B2F8F20562A1} = {44602CD2-3826-405A-9B42-9AD39F595A72}
		{FAD4187C-5777-40EB-BF21-CD71B5BE10B7} = {44602CD2-3826-405A-9B42-9AD39F595A72}
		{A7BCC7CB-2360-4891-A153-6CABB73949BB} = {44602CD2-3826-405A-9B42-9AD39F595A72}
		{8CD8BCC0-AA0D-4EE4-89DF-3C7AC5BD25B0} = {44602CD2-3826-405A-9B42-9AD39F595A72}
		{7118BF43-28F0-46FC-9D1C-D44D28367712} = {44602CD2-3826-405A-9B42-9AD39F595A72}
		{7A5906E6-6DCC-405A-BDBE-0A91F3CB9B70} = {16B9B36E-9783-4879-8E30-D1DF3D87D20C}
		{1C86FE1D-4E0A-4729-ABE9-1EAC0500F091} = {16B9B36E-9783-4879-8E30-D1DF3D87D20C}
		{B011E713-1498-4767-8A86-9C3BCD067394} = {16B9B36E-9783-4879-8E30-D1DF3D87D20C}
	EndGlobalSection
EndGlobal
